// !$*UTF8*$!
{
	archiveVersion = 1;
	classes = {
	};
	objectVersion = 46;
	objects = {

/* Begin PBXBuildFile section */
		7B349D3B97C06CEE9C6D7BD7 /* libPods-Shake and Yelp.a in Frameworks */ = {isa = PBXBuildFile; fileRef = E9999EC0C4E0D4C37746A052 /* libPods-Shake and Yelp.a */; };
		EF154A2D1E9412C3007EBDA6 /* AppDelegate.swift in Sources */ = {isa = PBXBuildFile; fileRef = EF154A2C1E9412C3007EBDA6 /* AppDelegate.swift */; };
		EF154A2F1E9412C3007EBDA6 /* ViewController.swift in Sources */ = {isa = PBXBuildFile; fileRef = EF154A2E1E9412C3007EBDA6 /* ViewController.swift */; };
		EF154A321E9412C3007EBDA6 /* Main.storyboard in Resources */ = {isa = PBXBuildFile; fileRef = EF154A301E9412C3007EBDA6 /* Main.storyboard */; };
		EF154A341E9412C3007EBDA6 /* Assets.xcassets in Resources */ = {isa = PBXBuildFile; fileRef = EF154A331E9412C3007EBDA6 /* Assets.xcassets */; };
		EF154A371E9412C3007EBDA6 /* LaunchScreen.storyboard in Resources */ = {isa = PBXBuildFile; fileRef = EF154A351E9412C3007EBDA6 /* LaunchScreen.storyboard */; };
		EF154A421E9412C3007EBDA6 /* Shake_and_YelpTests.swift in Sources */ = {isa = PBXBuildFile; fileRef = EF154A411E9412C3007EBDA6 /* Shake_and_YelpTests.swift */; };
		EF154A4D1E9412C3007EBDA6 /* Shake_and_YelpUITests.swift in Sources */ = {isa = PBXBuildFile; fileRef = EF154A4C1E9412C3007EBDA6 /* Shake_and_YelpUITests.swift */; };
		EF154A5C1E9414D5007EBDA6 /* test.m in Sources */ = {isa = PBXBuildFile; fileRef = EF154A5B1E9414D5007EBDA6 /* test.m */; };
/* End PBXBuildFile section */

/* Begin PBXContainerItemProxy section */
		EF154A3E1E9412C3007EBDA6 /* PBXContainerItemProxy */ = {
			isa = PBXContainerItemProxy;
			containerPortal = EF154A211E9412C3007EBDA6 /* Project object */;
			proxyType = 1;
			remoteGlobalIDString = EF154A281E9412C3007EBDA6;
			remoteInfo = "Shake and Yelp";
		};
		EF154A491E9412C3007EBDA6 /* PBXContainerItemProxy */ = {
			isa = PBXContainerItemProxy;
			containerPortal = EF154A211E9412C3007EBDA6 /* Project object */;
			proxyType = 1;
			remoteGlobalIDString = EF154A281E9412C3007EBDA6;
			remoteInfo = "Shake and Yelp";
		};
/* End PBXContainerItemProxy section */

/* Begin PBXFileReference section */
		4F952622C03D12C9961ECC1A /* Pods-Shake and Yelp.release.xcconfig */ = {isa = PBXFileReference; includeInIndex = 1; lastKnownFileType = text.xcconfig; name = "Pods-Shake and Yelp.release.xcconfig"; path = "Pods/Target Support Files/Pods-Shake and Yelp/Pods-Shake and Yelp.release.xcconfig"; sourceTree = "<group>"; };
		E3AED4DF9714DE3066F5E190 /* Pods-Shake and Yelp.debug.xcconfig */ = {isa = PBXFileReference; includeInIndex = 1; lastKnownFileType = text.xcconfig; name = "Pods-Shake and Yelp.debug.xcconfig"; path = "Pods/Target Support Files/Pods-Shake and Yelp/Pods-Shake and Yelp.debug.xcconfig"; sourceTree = "<group>"; };
		E9999EC0C4E0D4C37746A052 /* libPods-Shake and Yelp.a */ = {isa = PBXFileReference; explicitFileType = archive.ar; includeInIndex = 0; path = "libPods-Shake and Yelp.a"; sourceTree = BUILT_PRODUCTS_DIR; };
		EF154A291E9412C3007EBDA6 /* Shake and Yelp.app */ = {isa = PBXFileReference; explicitFileType = wrapper.application; includeInIndex = 0; path = "Shake and Yelp.app"; sourceTree = BUILT_PRODUCTS_DIR; };
		EF154A2C1E9412C3007EBDA6 /* AppDelegate.swift */ = {isa = PBXFileReference; lastKnownFileType = sourcecode.swift; path = AppDelegate.swift; sourceTree = "<group>"; };
		EF154A2E1E9412C3007EBDA6 /* ViewController.swift */ = {isa = PBXFileReference; lastKnownFileType = sourcecode.swift; path = ViewController.swift; sourceTree = "<group>"; };
		EF154A311E9412C3007EBDA6 /* Base */ = {isa = PBXFileReference; lastKnownFileType = file.storyboard; name = Base; path = Base.lproj/Main.storyboard; sourceTree = "<group>"; };
		EF154A331E9412C3007EBDA6 /* Assets.xcassets */ = {isa = PBXFileReference; lastKnownFileType = folder.assetcatalog; path = Assets.xcassets; sourceTree = "<group>"; };
		EF154A361E9412C3007EBDA6 /* Base */ = {isa = PBXFileReference; lastKnownFileType = file.storyboard; name = Base; path = Base.lproj/LaunchScreen.storyboard; sourceTree = "<group>"; };
		EF154A381E9412C3007EBDA6 /* Info.plist */ = {isa = PBXFileReference; lastKnownFileType = text.plist.xml; path = Info.plist; sourceTree = "<group>"; };
		EF154A3D1E9412C3007EBDA6 /* Shake and YelpTests.xctest */ = {isa = PBXFileReference; explicitFileType = wrapper.cfbundle; includeInIndex = 0; path = "Shake and YelpTests.xctest"; sourceTree = BUILT_PRODUCTS_DIR; };
		EF154A411E9412C3007EBDA6 /* Shake_and_YelpTests.swift */ = {isa = PBXFileReference; lastKnownFileType = sourcecode.swift; path = Shake_and_YelpTests.swift; sourceTree = "<group>"; };
		EF154A431E9412C3007EBDA6 /* Info.plist */ = {isa = PBXFileReference; lastKnownFileType = text.plist.xml; path = Info.plist; sourceTree = "<group>"; };
		EF154A481E9412C3007EBDA6 /* Shake and YelpUITests.xctest */ = {isa = PBXFileReference; explicitFileType = wrapper.cfbundle; includeInIndex = 0; path = "Shake and YelpUITests.xctest"; sourceTree = BUILT_PRODUCTS_DIR; };
		EF154A4C1E9412C3007EBDA6 /* Shake_and_YelpUITests.swift */ = {isa = PBXFileReference; lastKnownFileType = sourcecode.swift; path = Shake_and_YelpUITests.swift; sourceTree = "<group>"; };
		EF154A4E1E9412C3007EBDA6 /* Info.plist */ = {isa = PBXFileReference; lastKnownFileType = text.plist.xml; path = Info.plist; sourceTree = "<group>"; };
		EF154A5A1E9414D4007EBDA6 /* Shake and Yelp-Bridging-Header.h */ = {isa = PBXFileReference; lastKnownFileType = sourcecode.c.h; path = "Shake and Yelp-Bridging-Header.h"; sourceTree = "<group>"; };
		EF154A5B1E9414D5007EBDA6 /* test.m */ = {isa = PBXFileReference; fileEncoding = 4; lastKnownFileType = sourcecode.c.objc; path = test.m; sourceTree = "<group>"; };
/* End PBXFileReference section */

/* Begin PBXFrameworksBuildPhase section */
		EF154A261E9412C3007EBDA6 /* Frameworks */ = {
			isa = PBXFrameworksBuildPhase;
			buildActionMask = 2147483647;
			files = (
				7B349D3B97C06CEE9C6D7BD7 /* libPods-Shake and Yelp.a in Frameworks */,
			);
			runOnlyForDeploymentPostprocessing = 0;
		};
		EF154A3A1E9412C3007EBDA6 /* Frameworks */ = {
			isa = PBXFrameworksBuildPhase;
			buildActionMask = 2147483647;
			files = (
			);
			runOnlyForDeploymentPostprocessing = 0;
		};
		EF154A451E9412C3007EBDA6 /* Frameworks */ = {
			isa = PBXFrameworksBuildPhase;
			buildActionMask = 2147483647;
			files = (
			);
			runOnlyForDeploymentPostprocessing = 0;
		};
/* End PBXFrameworksBuildPhase section */

/* Begin PBXGroup section */
		85A8CEDDA43BEF0A6CE31CBB /* Frameworks */ = {
			isa = PBXGroup;
			children = (
				E9999EC0C4E0D4C37746A052 /* libPods-Shake and Yelp.a */,
			);
			name = Frameworks;
			sourceTree = "<group>";
		};
		CEBE13BE80AEAA52CDBECAA3 /* Pods */ = {
			isa = PBXGroup;
			children = (
				E3AED4DF9714DE3066F5E190 /* Pods-Shake and Yelp.debug.xcconfig */,
				4F952622C03D12C9961ECC1A /* Pods-Shake and Yelp.release.xcconfig */,
			);
			name = Pods;
			sourceTree = "<group>";
		};
		EF154A201E9412C3007EBDA6 = {
			isa = PBXGroup;
			children = (
				EF154A2B1E9412C3007EBDA6 /* Shake and Yelp */,
				EF154A401E9412C3007EBDA6 /* Shake and YelpTests */,
				EF154A4B1E9412C3007EBDA6 /* Shake and YelpUITests */,
				EF154A2A1E9412C3007EBDA6 /* Products */,
				CEBE13BE80AEAA52CDBECAA3 /* Pods */,
				85A8CEDDA43BEF0A6CE31CBB /* Frameworks */,
			);
			sourceTree = "<group>";
		};
		EF154A2A1E9412C3007EBDA6 /* Products */ = {
			isa = PBXGroup;
			children = (
				EF154A291E9412C3007EBDA6 /* Shake and Yelp.app */,
				EF154A3D1E9412C3007EBDA6 /* Shake and YelpTests.xctest */,
				EF154A481E9412C3007EBDA6 /* Shake and YelpUITests.xctest */,
			);
			name = Products;
			sourceTree = "<group>";
		};
		EF154A2B1E9412C3007EBDA6 /* Shake and Yelp */ = {
			isa = PBXGroup;
			children = (
				EF154A2C1E9412C3007EBDA6 /* AppDelegate.swift */,
				EF154A2E1E9412C3007EBDA6 /* ViewController.swift */,
				EF154A301E9412C3007EBDA6 /* Main.storyboard */,
				EF154A331E9412C3007EBDA6 /* Assets.xcassets */,
				EF154A351E9412C3007EBDA6 /* LaunchScreen.storyboard */,
				EF154A381E9412C3007EBDA6 /* Info.plist */,
				EF154A5B1E9414D5007EBDA6 /* test.m */,
				EF154A5A1E9414D4007EBDA6 /* Shake and Yelp-Bridging-Header.h */,
			);
			path = "Shake and Yelp";
			sourceTree = "<group>";
		};
		EF154A401E9412C3007EBDA6 /* Shake and YelpTests */ = {
			isa = PBXGroup;
			children = (
				EF154A411E9412C3007EBDA6 /* Shake_and_YelpTests.swift */,
				EF154A431E9412C3007EBDA6 /* Info.plist */,
			);
			path = "Shake and YelpTests";
			sourceTree = "<group>";
		};
		EF154A4B1E9412C3007EBDA6 /* Shake and YelpUITests */ = {
			isa = PBXGroup;
			children = (
				EF154A4C1E9412C3007EBDA6 /* Shake_and_YelpUITests.swift */,
				EF154A4E1E9412C3007EBDA6 /* Info.plist */,
			);
			path = "Shake and YelpUITests";
			sourceTree = "<group>";
		};
/* End PBXGroup section */

/* Begin PBXNativeTarget section */
		EF154A281E9412C3007EBDA6 /* Shake and Yelp */ = {
			isa = PBXNativeTarget;
			buildConfigurationList = EF154A511E9412C3007EBDA6 /* Build configuration list for PBXNativeTarget "Shake and Yelp" */;
			buildPhases = (
				22BE1BFE849296CF45A3BAC1 /* [CP] Check Pods Manifest.lock */,
				EF154A251E9412C3007EBDA6 /* Sources */,
				EF154A261E9412C3007EBDA6 /* Frameworks */,
				EF154A271E9412C3007EBDA6 /* Resources */,
				996729850443D09128FE2FC4 /* [CP] Embed Pods Frameworks */,
				3F2D552820BC798A3A25C4B2 /* [CP] Copy Pods Resources */,
			);
			buildRules = (
			);
			dependencies = (
			);
			name = "Shake and Yelp";
			productName = "Shake and Yelp";
			productReference = EF154A291E9412C3007EBDA6 /* Shake and Yelp.app */;
			productType = "com.apple.product-type.application";
		};
		EF154A3C1E9412C3007EBDA6 /* Shake and YelpTests */ = {
			isa = PBXNativeTarget;
			buildConfigurationList = EF154A541E9412C3007EBDA6 /* Build configuration list for PBXNativeTarget "Shake and YelpTests" */;
			buildPhases = (
				EF154A391E9412C3007EBDA6 /* Sources */,
				EF154A3A1E9412C3007EBDA6 /* Frameworks */,
				EF154A3B1E9412C3007EBDA6 /* Resources */,
			);
			buildRules = (
			);
			dependencies = (
				EF154A3F1E9412C3007EBDA6 /* PBXTargetDependency */,
			);
			name = "Shake and YelpTests";
			productName = "Shake and YelpTests";
			productReference = EF154A3D1E9412C3007EBDA6 /* Shake and YelpTests.xctest */;
			productType = "com.apple.product-type.bundle.unit-test";
		};
		EF154A471E9412C3007EBDA6 /* Shake and YelpUITests */ = {
			isa = PBXNativeTarget;
			buildConfigurationList = EF154A571E9412C3007EBDA6 /* Build configuration list for PBXNativeTarget "Shake and YelpUITests" */;
			buildPhases = (
				EF154A441E9412C3007EBDA6 /* Sources */,
				EF154A451E9412C3007EBDA6 /* Frameworks */,
				EF154A461E9412C3007EBDA6 /* Resources */,
			);
			buildRules = (
			);
			dependencies = (
				EF154A4A1E9412C3007EBDA6 /* PBXTargetDependency */,
			);
			name = "Shake and YelpUITests";
			productName = "Shake and YelpUITests";
			productReference = EF154A481E9412C3007EBDA6 /* Shake and YelpUITests.xctest */;
			productType = "com.apple.product-type.bundle.ui-testing";
		};
/* End PBXNativeTarget section */

/* Begin PBXProject section */
		EF154A211E9412C3007EBDA6 /* Project object */ = {
			isa = PBXProject;
			attributes = {
				LastSwiftUpdateCheck = 0820;
				LastUpgradeCheck = 0820;
				ORGANIZATIONNAME = "Sam Lee";
				TargetAttributes = {
					EF154A281E9412C3007EBDA6 = {
						CreatedOnToolsVersion = 8.2.1;
						DevelopmentTeam = B3GLHJ5TGT;
						LastSwiftMigration = 0820;
						ProvisioningStyle = Automatic;
					};
					EF154A3C1E9412C3007EBDA6 = {
						CreatedOnToolsVersion = 8.2.1;
						ProvisioningStyle = Automatic;
						TestTargetID = EF154A281E9412C3007EBDA6;
					};
					EF154A471E9412C3007EBDA6 = {
						CreatedOnToolsVersion = 8.2.1;
						ProvisioningStyle = Automatic;
						TestTargetID = EF154A281E9412C3007EBDA6;
					};
				};
			};
			buildConfigurationList = EF154A241E9412C3007EBDA6 /* Build configuration list for PBXProject "Shake and Yelp" */;
			compatibilityVersion = "Xcode 3.2";
			developmentRegion = English;
			hasScannedForEncodings = 0;
			knownRegions = (
				en,
				Base,
			);
			mainGroup = EF154A201E9412C3007EBDA6;
			productRefGroup = EF154A2A1E9412C3007EBDA6 /* Products */;
			projectDirPath = "";
			projectRoot = "";
			targets = (
				EF154A281E9412C3007EBDA6 /* Shake and Yelp */,
				EF154A3C1E9412C3007EBDA6 /* Shake and YelpTests */,
				EF154A471E9412C3007EBDA6 /* Shake and YelpUITests */,
			);
		};
/* End PBXProject section */

/* Begin PBXResourcesBuildPhase section */
		EF154A271E9412C3007EBDA6 /* Resources */ = {
			isa = PBXResourcesBuildPhase;
			buildActionMask = 2147483647;
			files = (
				EF154A371E9412C3007EBDA6 /* LaunchScreen.storyboard in Resources */,
				EF154A341E9412C3007EBDA6 /* Assets.xcassets in Resources */,
				EF154A321E9412C3007EBDA6 /* Main.storyboard in Resources */,
			);
			runOnlyForDeploymentPostprocessing = 0;
		};
		EF154A3B1E9412C3007EBDA6 /* Resources */ = {
			isa = PBXResourcesBuildPhase;
			buildActionMask = 2147483647;
			files = (
			);
			runOnlyForDeploymentPostprocessing = 0;
		};
		EF154A461E9412C3007EBDA6 /* Resources */ = {
			isa = PBXResourcesBuildPhase;
			buildActionMask = 2147483647;
			files = (
			);
			runOnlyForDeploymentPostprocessing = 0;
		};
/* End PBXResourcesBuildPhase section */

/* Begin PBXShellScriptBuildPhase section */
		22BE1BFE849296CF45A3BAC1 /* [CP] Check Pods Manifest.lock */ = {
			isa = PBXShellScriptBuildPhase;
			buildActionMask = 2147483647;
			files = (
			);
			inputPaths = (
			);
			name = "[CP] Check Pods Manifest.lock";
			outputPaths = (
			);
			runOnlyForDeploymentPostprocessing = 0;
			shellPath = /bin/sh;
			shellScript = "diff \"${PODS_ROOT}/../Podfile.lock\" \"${PODS_ROOT}/Manifest.lock\" > /dev/null\nif [ $? != 0 ] ; then\n    # print error to STDERR\n    echo \"error: The sandbox is not in sync with the Podfile.lock. Run 'pod install' or update your CocoaPods installation.\" >&2\n    exit 1\nfi\n";
			showEnvVarsInLog = 0;
		};
		3F2D552820BC798A3A25C4B2 /* [CP] Copy Pods Resources */ = {
			isa = PBXShellScriptBuildPhase;
			buildActionMask = 2147483647;
			files = (
			);
			inputPaths = (
			);
			name = "[CP] Copy Pods Resources";
			outputPaths = (
			);
			runOnlyForDeploymentPostprocessing = 0;
			shellPath = /bin/sh;
			shellScript = "\"${SRCROOT}/Pods/Target Support Files/Pods-Shake and Yelp/Pods-Shake and Yelp-resources.sh\"\n";
			showEnvVarsInLog = 0;
		};
		996729850443D09128FE2FC4 /* [CP] Embed Pods Frameworks */ = {
			isa = PBXShellScriptBuildPhase;
			buildActionMask = 2147483647;
			files = (
			);
			inputPaths = (
			);
			name = "[CP] Embed Pods Frameworks";
			outputPaths = (
			);
			runOnlyForDeploymentPostprocessing = 0;
			shellPath = /bin/sh;
			shellScript = "\"${SRCROOT}/Pods/Target Support Files/Pods-Shake and Yelp/Pods-Shake and Yelp-frameworks.sh\"\n";
			showEnvVarsInLog = 0;
		};
/* End PBXShellScriptBuildPhase section */

/* Begin PBXSourcesBuildPhase section */
		EF154A251E9412C3007EBDA6 /* Sources */ = {
			isa = PBXSourcesBuildPhase;
			buildActionMask = 2147483647;
			files = (
				EF154A2F1E9412C3007EBDA6 /* ViewController.swift in Sources */,
				EF154A2D1E9412C3007EBDA6 /* AppDelegate.swift in Sources */,
				EF154A5C1E9414D5007EBDA6 /* test.m in Sources */,
			);
			runOnlyForDeploymentPostprocessing = 0;
		};
		EF154A391E9412C3007EBDA6 /* Sources */ = {
			isa = PBXSourcesBuildPhase;
			buildActionMask = 2147483647;
			files = (
				EF154A421E9412C3007EBDA6 /* Shake_and_YelpTests.swift in Sources */,
			);
			runOnlyForDeploymentPostprocessing = 0;
		};
		EF154A441E9412C3007EBDA6 /* Sources */ = {
			isa = PBXSourcesBuildPhase;
			buildActionMask = 2147483647;
			files = (
				EF154A4D1E9412C3007EBDA6 /* Shake_and_YelpUITests.swift in Sources */,
			);
			runOnlyForDeploymentPostprocessing = 0;
		};
/* End PBXSourcesBuildPhase section */

/* Begin PBXTargetDependency section */
		EF154A3F1E9412C3007EBDA6 /* PBXTargetDependency */ = {
			isa = PBXTargetDependency;
			target = EF154A281E9412C3007EBDA6 /* Shake and Yelp */;
			targetProxy = EF154A3E1E9412C3007EBDA6 /* PBXContainerItemProxy */;
		};
		EF154A4A1E9412C3007EBDA6 /* PBXTargetDependency */ = {
			isa = PBXTargetDependency;
			target = EF154A281E9412C3007EBDA6 /* Shake and Yelp */;
			targetProxy = EF154A491E9412C3007EBDA6 /* PBXContainerItemProxy */;
		};
/* End PBXTargetDependency section */

/* Begin PBXVariantGroup section */
		EF154A301E9412C3007EBDA6 /* Main.storyboard */ = {
			isa = PBXVariantGroup;
			children = (
				EF154A311E9412C3007EBDA6 /* Base */,
			);
			name = Main.storyboard;
			sourceTree = "<group>";
		};
		EF154A351E9412C3007EBDA6 /* LaunchScreen.storyboard */ = {
			isa = PBXVariantGroup;
			children = (
				EF154A361E9412C3007EBDA6 /* Base */,
			);
			name = LaunchScreen.storyboard;
			sourceTree = "<group>";
		};
/* End PBXVariantGroup section */

/* Begin XCBuildConfiguration section */
		EF154A4F1E9412C3007EBDA6 /* Debug */ = {
			isa = XCBuildConfiguration;
			buildSettings = {
				ALWAYS_SEARCH_USER_PATHS = NO;
				CLANG_ANALYZER_NONNULL = YES;
				CLANG_CXX_LANGUAGE_STANDARD = "gnu++0x";
				CLANG_CXX_LIBRARY = "libc++";
				CLANG_ENABLE_MODULES = YES;
				CLANG_ENABLE_OBJC_ARC = YES;
				CLANG_WARN_BOOL_CONVERSION = YES;
				CLANG_WARN_CONSTANT_CONVERSION = YES;
				CLANG_WARN_DIRECT_OBJC_ISA_USAGE = YES_ERROR;
				CLANG_WARN_DOCUMENTATION_COMMENTS = YES;
				CLANG_WARN_EMPTY_BODY = YES;
				CLANG_WARN_ENUM_CONVERSION = YES;
				CLANG_WARN_INFINITE_RECURSION = YES;
				CLANG_WARN_INT_CONVERSION = YES;
				CLANG_WARN_OBJC_ROOT_CLASS = YES_ERROR;
				CLANG_WARN_SUSPICIOUS_MOVE = YES;
				CLANG_WARN_UNREACHABLE_CODE = YES;
				CLANG_WARN__DUPLICATE_METHOD_MATCH = YES;
				"CODE_SIGN_IDENTITY[sdk=iphoneos*]" = "iPhone Developer";
				COPY_PHASE_STRIP = NO;
				DEBUG_INFORMATION_FORMAT = dwarf;
				ENABLE_STRICT_OBJC_MSGSEND = YES;
				ENABLE_TESTABILITY = YES;
				GCC_C_LANGUAGE_STANDARD = gnu99;
				GCC_DYNAMIC_NO_PIC = NO;
				GCC_NO_COMMON_BLOCKS = YES;
				GCC_OPTIMIZATION_LEVEL = 0;
				GCC_PREPROCESSOR_DEFINITIONS = (
					"DEBUG=1",
					"$(inherited)",
				);
				GCC_WARN_64_TO_32_BIT_CONVERSION = YES;
				GCC_WARN_ABOUT_RETURN_TYPE = YES_ERROR;
				GCC_WARN_UNDECLARED_SELECTOR = YES;
				GCC_WARN_UNINITIALIZED_AUTOS = YES_AGGRESSIVE;
				GCC_WARN_UNUSED_FUNCTION = YES;
				GCC_WARN_UNUSED_VARIABLE = YES;
				IPHONEOS_DEPLOYMENT_TARGET = 10.2;
				MTL_ENABLE_DEBUG_INFO = YES;
				ONLY_ACTIVE_ARCH = YES;
				SDKROOT = iphoneos;
				SWIFT_ACTIVE_COMPILATION_CONDITIONS = DEBUG;
				SWIFT_OPTIMIZATION_LEVEL = "-Onone";
				TARGETED_DEVICE_FAMILY = "1,2";
			};
			name = Debug;
		};
		EF154A501E9412C3007EBDA6 /* Release */ = {
			isa = XCBuildConfiguration;
			buildSettings = {
				ALWAYS_SEARCH_USER_PATHS = NO;
				CLANG_ANALYZER_NONNULL = YES;
				CLANG_CXX_LANGUAGE_STANDARD = "gnu++0x";
				CLANG_CXX_LIBRARY = "libc++";
				CLANG_ENABLE_MODULES = YES;
				CLANG_ENABLE_OBJC_ARC = YES;
				CLANG_WARN_BOOL_CONVERSION = YES;
				CLANG_WARN_CONSTANT_CONVERSION = YES;
				CLANG_WARN_DIRECT_OBJC_ISA_USAGE = YES_ERROR;
				CLANG_WARN_DOCUMENTATION_COMMENTS = YES;
				CLANG_WARN_EMPTY_BODY = YES;
				CLANG_WARN_ENUM_CONVERSION = YES;
				CLANG_WARN_INFINITE_RECURSION = YES;
				CLANG_WARN_INT_CONVERSION = YES;
				CLANG_WARN_OBJC_ROOT_CLASS = YES_ERROR;
				CLANG_WARN_SUSPICIOUS_MOVE = YES;
				CLANG_WARN_UNREACHABLE_CODE = YES;
				CLANG_WARN__DUPLICATE_METHOD_MATCH = YES;
				"CODE_SIGN_IDENTITY[sdk=iphoneos*]" = "iPhone Developer";
				COPY_PHASE_STRIP = NO;
				DEBUG_INFORMATION_FORMAT = "dwarf-with-dsym";
				ENABLE_NS_ASSERTIONS = NO;
				ENABLE_STRICT_OBJC_MSGSEND = YES;
				GCC_C_LANGUAGE_STANDARD = gnu99;
				GCC_NO_COMMON_BLOCKS = YES;
				GCC_WARN_64_TO_32_BIT_CONVERSION = YES;
				GCC_WARN_ABOUT_RETURN_TYPE = YES_ERROR;
				GCC_WARN_UNDECLARED_SELECTOR = YES;
				GCC_WARN_UNINITIALIZED_AUTOS = YES_AGGRESSIVE;
				GCC_WARN_UNUSED_FUNCTION = YES;
				GCC_WARN_UNUSED_VARIABLE = YES;
				IPHONEOS_DEPLOYMENT_TARGET = 10.2;
				MTL_ENABLE_DEBUG_INFO = NO;
				SDKROOT = iphoneos;
				SWIFT_OPTIMIZATION_LEVEL = "-Owholemodule";
				TARGETED_DEVICE_FAMILY = "1,2";
				VALIDATE_PRODUCT = YES;
			};
			name = Release;
		};
		EF154A521E9412C3007EBDA6 /* Debug */ = {
			isa = XCBuildConfiguration;
			baseConfigurationReference = E3AED4DF9714DE3066F5E190 /* Pods-Shake and Yelp.debug.xcconfig */;
			buildSettings = {
				ASSETCATALOG_COMPILER_APPICON_NAME = AppIcon;
				CLANG_ENABLE_MODULES = YES;
				DEVELOPMENT_TEAM = B3GLHJ5TGT;
				INFOPLIST_FILE = "Shake and Yelp/Info.plist";
				LD_RUNPATH_SEARCH_PATHS = "$(inherited) @executable_path/Frameworks";
				PRODUCT_BUNDLE_IDENTIFIER = "com.samlee.Shake-and-Yelp";
				PRODUCT_NAME = "$(TARGET_NAME)";
				SWIFT_OBJC_BRIDGING_HEADER = "Shake and Yelp/Shake and Yelp-Bridging-Header.h";
				SWIFT_OPTIMIZATION_LEVEL = "-Onone";
				SWIFT_VERSION = 3.0;
			};
			name = Debug;
		};
		EF154A531E9412C3007EBDA6 /* Release */ = {
			isa = XCBuildConfiguration;
			baseConfigurationReference = 4F952622C03D12C9961ECC1A /* Pods-Shake and Yelp.release.xcconfig */;
			buildSettings = {
				ASSETCATALOG_COMPILER_APPICON_NAME = AppIcon;
				CLANG_ENABLE_MODULES = YES;
				DEVELOPMENT_TEAM = B3GLHJ5TGT;
				INFOPLIST_FILE = "Shake and Yelp/Info.plist";
				LD_RUNPATH_SEARCH_PATHS = "$(inherited) @executable_path/Frameworks";
				PRODUCT_BUNDLE_IDENTIFIER = "com.samlee.Shake-and-Yelp";
				PRODUCT_NAME = "$(TARGET_NAME)";
				SWIFT_OBJC_BRIDGING_HEADER = "Shake and Yelp/Shake and Yelp-Bridging-Header.h";
				SWIFT_VERSION = 3.0;
			};
			name = Release;
		};
		EF154A551E9412C3007EBDA6 /* Debug */ = {
			isa = XCBuildConfiguration;
			buildSettings = {
				ALWAYS_EMBED_SWIFT_STANDARD_LIBRARIES = YES;
				BUNDLE_LOADER = "$(TEST_HOST)";
				INFOPLIST_FILE = "Shake and YelpTests/Info.plist";
				LD_RUNPATH_SEARCH_PATHS = "$(inherited) @executable_path/Frameworks @loader_path/Frameworks";
				PRODUCT_BUNDLE_IDENTIFIER = "com.samlee.Shake-and-YelpTests";
				PRODUCT_NAME = "$(TARGET_NAME)";
				SWIFT_VERSION = 3.0;
				TEST_HOST = "$(BUILT_PRODUCTS_DIR)/Shake and Yelp.app/Shake and Yelp";
			};
			name = Debug;
		};
		EF154A561E9412C3007EBDA6 /* Release */ = {
			isa = XCBuildConfiguration;
			buildSettings = {
				ALWAYS_EMBED_SWIFT_STANDARD_LIBRARIES = YES;
				BUNDLE_LOADER = "$(TEST_HOST)";
				INFOPLIST_FILE = "Shake and YelpTests/Info.plist";
				LD_RUNPATH_SEARCH_PATHS = "$(inherited) @executable_path/Frameworks @loader_path/Frameworks";
				PRODUCT_BUNDLE_IDENTIFIER = "com.samlee.Shake-and-YelpTests";
				PRODUCT_NAME = "$(TARGET_NAME)";
				SWIFT_VERSION = 3.0;
				TEST_HOST = "$(BUILT_PRODUCTS_DIR)/Shake and Yelp.app/Shake and Yelp";
			};
			name = Release;
		};
		EF154A581E9412C3007EBDA6 /* Debug */ = {
			isa = XCBuildConfiguration;
			buildSettings = {
				ALWAYS_EMBED_SWIFT_STANDARD_LIBRARIES = YES;
				INFOPLIST_FILE = "Shake and YelpUITests/Info.plist";
				LD_RUNPATH_SEARCH_PATHS = "$(inherited) @executable_path/Frameworks @loader_path/Frameworks";
				PRODUCT_BUNDLE_IDENTIFIER = "com.samlee.Shake-and-YelpUITests";
				PRODUCT_NAME = "$(TARGET_NAME)";
				SWIFT_VERSION = 3.0;
				TEST_TARGET_NAME = "Shake and Yelp";
			};
			name = Debug;
		};
		EF154A591E9412C3007EBDA6 /* Release */ = {
			isa = XCBuildConfiguration;
			buildSettings = {
				ALWAYS_EMBED_SWIFT_STANDARD_LIBRARIES = YES;
				INFOPLIST_FILE = "Shake and YelpUITests/Info.plist";
				LD_RUNPATH_SEARCH_PATHS = "$(inherited) @executable_path/Frameworks @loader_path/Frameworks";
				PRODUCT_BUNDLE_IDENTIFIER = "com.samlee.Shake-and-YelpUITests";
				PRODUCT_NAME = "$(TARGET_NAME)";
				SWIFT_VERSION = 3.0;
				TEST_TARGET_NAME = "Shake and Yelp";
			};
			name = Release;
		};
/* End XCBuildConfiguration section */

/* Begin XCConfigurationList section */
		EF154A241E9412C3007EBDA6 /* Build configuration list for PBXProject "Shake and Yelp" */ = {
			isa = XCConfigurationList;
			buildConfigurations = (
				EF154A4F1E9412C3007EBDA6 /* Debug */,
				EF154A501E9412C3007EBDA6 /* Release */,
			);
			defaultConfigurationIsVisible = 0;
			defaultConfigurationName = Release;
		};
		EF154A511E9412C3007EBDA6 /* Build configuration list for PBXNativeTarget "Shake and Yelp" */ = {
			isa = XCConfigurationList;
			buildConfigurations = (
				EF154A521E9412C3007EBDA6 /* Debug */,
				EF154A531E9412C3007EBDA6 /* Release */,
			);
			defaultConfigurationIsVisible = 0;
			defaultConfigurationName = Release;
		};
		EF154A541E9412C3007EBDA6 /* Build configuration list for PBXNativeTarget "Shake and YelpTests" */ = {
			isa = XCConfigurationList;
			buildConfigurations = (
				EF154A551E9412C3007EBDA6 /* Debug */,
				EF154A561E9412C3007EBDA6 /* Release */,
			);
			defaultConfigurationIsVisible = 0;
			defaultConfigurationName = Release;
		};
		EF154A571E9412C3007EBDA6 /* Build configuration list for PBXNativeTarget "Shake and YelpUITests" */ = {
			isa = XCConfigurationList;
			buildConfigurations = (
				EF154A581E9412C3007EBDA6 /* Debug */,
				EF154A591E9412C3007EBDA6 /* Release */,
			);
			defaultConfigurationIsVisible = 0;
			defaultConfigurationName = Release;
		};
/* End XCConfigurationList section */
	};
	rootObject = EF154A211E9412C3007EBDA6 /* Project object */;
}
